
Microsoft Visual Studio Solution File, Format Version 12.00
# Visual Studio 15
Project("{FAE04EC0-301F-11D3-BF4B-00C04F79EFBC}") = "Assembly-CSharp", "Assembly-CSharp.csproj", "{6B533F09-6A72-6A95-B5F5-ED49AAFE7C6B}"
EndProject
Global
	GlobalSection(SolutionConfigurationPlatforms) = preSolution
		Debug|Any CPU = Debug|Any CPU
		Release|Any CPU = Release|Any CPU
	EndGlobalSection
	GlobalSection(ProjectConfigurationPlatforms) = postSolution
		{6B533F09-6A72-6A95-B5F5-ED49AAFE7C6B}.Debug|Any CPU.ActiveCfg = Debug|Any CPU
		{6B533F09-6A72-6A95-B5F5-ED49AAFE7C6B}.Debug|Any CPU.Build.0 = Debug|Any CPU
		{6B533F09-6A72-6A95-B5F5-ED49AAFE7C6B}.Release|Any CPU.ActiveCfg = Release|Any CPU
		{6B533F09-6A72-6A95-B5F5-ED49AAFE7C6B}.Release|Any CPU.Build.0 = Release|Any CPU
	EndGlobalSection
	GlobalSection(SolutionProperties) = preSolution
		HideSolutionNode = FALSE
	EndGlobalSection
EndGlobal
